{
  "lockfile_version": "1",
  "packages": {
    "flutter@latest": {
      "last_modified": "2026-05-21T08:15:18Z",
      "resolved": "github:NixOS/nixpkgs/4a29d733e8a7d5b824c3d8c958a946a9867b3eb2#flutter",
      "source": "devbox-search",
      "version": "3.41.9-sdk-links",
      "systems": {
        "aarch64-darwin": {
          "outputs": [
            {
              "name": "out",
              "path": "/nix/store/mp9x3mn0x5hs11m8z4m20w8gndkkccb7-flutter-wrapped-3.41.9-sdk-links",
              "default": true
            }
          ],
          "store_path": "/nix/store/mp9x3mn0x5hs11m8z4m20w8gndkkccb7-flutter-wrapped-3.41.9-sdk-links"
        },
        "aarch64-linux": {
          "outputs": [
            {
              "name": "out",
              "path": "/nix/store/aidhap5ilmmf4fzyr0gwxxls0d7b9h7z-flutter-wrapped-3.41.9-sdk-links",
              "default": true
            }
          ],
          "store_path": "/nix/store/aidhap5ilmmf4fzyr0gwxxls0d7b9h7z-flutter-wrapped-3.41.9-sdk-links"
        },
        "x86_64-darwin": {
          "outputs": [
            {
              "name": "out",
              "path": "/nix/store/27gbcgwqbaaf81i792zssg862xcwzwzg-flutter-wrapped-3.41.9-sdk-links",
              "default": true
            }
          ],
          "store_path": "/nix/store/27gbcgwqbaaf81i792zssg862xcwzwzg-flutter-wrapped-3.41.9-sdk-links"
        },
        "x86_64-linux": {
          "outputs": [
            {
              "name": "out",
              "path": "/nix/store/fqcjikcpdcn123csd805bmg05jv75szj-flutter-wrapped-3.41.9-sdk-links",
              "default": true
            }
          ],
          "store_path": "/nix/store/fqcjikcpdcn123csd805bmg05jv75szj-flutter-wrapped-3.41.9-sdk-links"
        }
      }
    },
    "github:NixOS/nixpkgs/nixpkgs-unstable": {
      "last_modified": "2026-05-01T13:14:57Z",
      "resolved": "github:NixOS/nixpkgs/c6d65881c5624c9cae5ea6cedef24699b0c0a4c0?lastModified=1777641297&narHash=sha256-WNGcmeOZ8Tr9dq6ztCspYbzWFswr2mPebM9LpsfGxPk%3D"
    },
    "gnumake@latest": {
      "last_modified": "2026-04-23T13:07:47Z",
      "resolved": "github:NixOS/nixpkgs/01fbdeef22b76df85ea168fbfe1bfd9e63681b30#gnumake",
      "source": "devbox-search",
      "version": "4.4.1",
      "systems": {
        "aarch64-darwin": {
          "outputs": [
            {
              "name": "out",
              "path": "/nix/store/zcbp7z3zaagbm7rpk6hz5zb8qwd40v42-gnumake-4.4.1",
              "default": true
            },
            {
              "name": "man",
              "path": "/nix/store/908rmkli4kdr2706pgax47ph86cpfifh-gnumake-4.4.1-man",
              "default": true
            },
            {
              "name": "doc",
              "path": "/nix/store/c7l1j109rsygzd1lc3pp2rbfm2p3y642-gnumake-4.4.1-doc"
            },
            {
              "name": "info",
              "path": "/nix/store/v9ss50cr4hqvm1c5xhhgb9sgn98gvgd6-gnumake-4.4.1-info"
            }
          ],
          "store_path": "/nix/store/zcbp7z3zaagbm7rpk6hz5zb8qwd40v42-gnumake-4.4.1"
        },
        "aarch64-linux": {
          "outputs": [
            {
              "name": "out",
              "path": "/nix/store/y92qq7542dy25bs8ijnrs396n5cvbrvm-gnumake-4.4.1",
              "default": true
            },
            {
              "name": "man",
              "path": "/nix/store/a208sdxbrp4737zrv1lynglgzqj7wjxi-gnumake-4.4.1-man",
              "default": true
            },
            {
              "name": "debug",
              "path": "/nix/store/skri4hsrs5ga3mb2y2zabb86h91kg7yf-gnumake-4.4.1-debug"
            },
            {
              "name": "doc",
              "path": "/nix/store/83grbbzidh6mspbq3vcwnv5i2w418f64-gnumake-4.4.1-doc"
            },
            {
              "name": "info",
              "path": "/nix/store/pi1waffl6zsh3898x8csg9liwljl1v5b-gnumake-4.4.1-info"
            }
          ],
          "store_path": "/nix/store/y92qq7542dy25bs8ijnrs396n5cvbrvm-gnumake-4.4.1"
        },
        "x86_64-darwin": {
          "outputs": [
            {
              "name": "out",
              "path": "/nix/store/4sgv9nplhrys2a88lfxw1swlj7kn4v54-gnumake-4.4.1",
              "default": true
            },
            {
              "name": "man",
              "path": "/nix/store/4jk8w4gsl2d2vgrpi5c8grcyx5h6k1br-gnumake-4.4.1-man",
              "default": true
            },
            {
              "name": "doc",
              "path": "/nix/store/8cga3r53093x6yzzayqqjcd2ip2bb6gc-gnumake-4.4.1-doc"
            },
            {
              "name": "info",
              "path": "/nix/store/gdg79wm2j8g86d0vilbmwa6sjvdnwysw-gnumake-4.4.1-info"
            }
          ],
          "store_path": "/nix/store/4sgv9nplhrys2a88lfxw1swlj7kn4v54-gnumake-4.4.1"
        },
        "x86_64-linux": {
          "outputs": [
            {
              "name": "out",
              "path": "/nix/store/0rn2xh3zciwdr8sjg79ir79dbr6lnmfb-gnumake-4.4.1",
              "default": true
            },
            {
              "name": "man",
              "path": "/nix/store/5xxknr9d7fgm7j2pppvh410nh5jjgq72-gnumake-4.4.1-man",
              "default": true
            },
            {
              "name": "info",
              "path": "/nix/store/jx8cp7ifpjv63q2rqdwby1qq84fs94lk-gnumake-4.4.1-info"
            },
            {
              "name": "debug",
              "path": "/nix/store/72dxkkiz9jh8icb3h55ryi2c40f5rx8f-gnumake-4.4.1-debug"
            },
            {
              "name": "doc",
              "path": "/nix/store/4jrq5glppx1pbf9qvzm33j7igm852pbc-gnumake-4.4.1-doc"
            }
          ],
          "store_path": "/nix/store/0rn2xh3zciwdr8sjg79ir79dbr6lnmfb-gnumake-4.4.1"
        }
      }
    },
    "go@1.25": {
      "last_modified": "2026-04-23T13:07:47Z",
      "resolved": "github:NixOS/nixpkgs/01fbdeef22b76df85ea168fbfe1bfd9e63681b30#go_1_25",
      "source": "devbox-search",
      "version": "1.25.9",
      "systems": {
        "aarch64-darwin": {
          "outputs": [
            {
              "name": "out",
              "path": "/nix/store/mhnkn1xi46w4abaxwsg6b8ddl110z360-go-1.25.9",
              "default": true
            }
          ],
          "store_path": "/nix/store/mhnkn1xi46w4abaxwsg6b8ddl110z360-go-1.25.9"
        },
        "aarch64-linux": {
          "outputs": [
            {
              "name": "out",
              "path": "/nix/store/7wfj1ndnyaj4pvky5jg0cl32gk0krvzz-go-1.25.9",
              "default": true
            }
          ],
          "store_path": "/nix/store/7wfj1ndnyaj4pvky5jg0cl32gk0krvzz-go-1.25.9"
        },
        "x86_64-darwin": {
          "outputs": [
            {
              "name": "out",
              "path": "/nix/store/9aq5n44znvdd8h4f8xlcs2ri6vsinp48-go-1.25.9",
              "default": true
            }
          ],
          "store_path": "/nix/store/9aq5n44znvdd8h4f8xlcs2ri6vsinp48-go-1.25.9"
        },
        "x86_64-linux": {
          "outputs": [
            {
              "name": "out",
              "path": "/nix/store/9yxbf0731fx3r47fzdnydny55np02ahj-go-1.25.9",
              "default": true
            }
          ],
          "store_path": "/nix/store/9yxbf0731fx3r47fzdnydny55np02ahj-go-1.25.9"
        }
      }
    }
  }
}
